// !$*UTF8*$!
{
	archiveVersion = 1;
	classes = {
	};
	objectVersion = 56;
	objects = {

/* Begin PBXBuildFile section */
		1A1432472A6B084F001DB0D7 /* SafariWebExtensionHandler.swift in Sources */ = {isa = PBXBuildFile; fileRef = 1A1432462A6B084F001DB0D7 /* SafariWebExtensionHandler.swift */; };
		1A14324A2A6B084F001DB0D7 /* _locales in Resources */ = {isa = PBXBuildFile; fileRef = 1A1432492A6B084F001DB0D7 /* _locales */; };
		1A14324C2A6B084F001DB0D7 /* images in Resources */ = {isa = PBXBuildFile; fileRef = 1A14324B2A6B084F001DB0D7 /* images */; };
		1A14324E2A6B084F001DB0D7 /* manifest.json in Resources */ = {isa = PBXBuildFile; fileRef = 1A14324D2A6B084F001DB0D7 /* manifest.json */; };
		1A1432522A6B084F001DB0D7 /* content.js in Resources */ = {isa = PBXBuildFile; fileRef = 1A1432512A6B084F001DB0D7 /* content.js */; };
		1A14325C2A6B084F001DB0D7 /* Safari.appex in Embed Foundation Extensions */ = {isa = PBXBuildFile; fileRef = 1A1432442A6B084F001DB0D7 /* Safari.appex */; settings = {ATTRIBUTES = (RemoveHeadersOnCopy, ); }; };
		1A2985362A71A89D00153BF4 /* MessageComposer.swift in Sources */ = {isa = PBXBuildFile; fileRef = 1A2985352A71A89D00153BF4 /* MessageComposer.swift */; };
		1A695FD62A6C8791000B3F86 /* ParrotflowAPI.swift in Sources */ = {isa = PBXBuildFile; fileRef = 1A695FD52A6C8791000B3F86 /* ParrotflowAPI.swift */; };
		1A695FD82A6C87C9000B3F86 /* MessageManager.swift in Sources */ = {isa = PBXBuildFile; fileRef = 1A695FD72A6C87C9000B3F86 /* MessageManager.swift */; };
		1A695FDA2A6C8952000B3F86 /* OnShake.swift in Sources */ = {isa = PBXBuildFile; fileRef = 1A695FD92A6C8952000B3F86 /* OnShake.swift */; };
		1A695FE12A6D95EC000B3F86 /* OnboardView.swift in Sources */ = {isa = PBXBuildFile; fileRef = 1A695FE02A6D95EC000B3F86 /* OnboardView.swift */; };
		1AA196992A71BFEE003D5C54 /* StoreKit.framework in Frameworks */ = {isa = PBXBuildFile; fileRef = 1AA196982A71BFEE003D5C54 /* StoreKit.framework */; };
		1AD3416A2A6AF23900C198B8 /* Parrotflow.swift in Sources */ = {isa = PBXBuildFile; fileRef = 1AD341692A6AF23900C198B8 /* Parrotflow.swift */; };
		1AD3416C2A6AF23900C198B8 /* ContentView.swift in Sources */ = {isa = PBXBuildFile; fileRef = 1AD3416B2A6AF23900C198B8 /* ContentView.swift */; };
		1AD3416E2A6AF23A00C198B8 /* Assets.xcassets in Resources */ = {isa = PBXBuildFile; fileRef = 1AD3416D2A6AF23A00C198B8 /* Assets.xcassets */; };
/* End PBXBuildFile section */

/* Begin PBXContainerItemProxy section */
		1A14325A2A6B084F001DB0D7 /* PBXContainerItemProxy */ = {
			isa = PBXContainerItemProxy;
			containerPortal = 1AD3415E2A6AF23900C198B8 /* Project object */;
			proxyType = 1;
			remoteGlobalIDString = 1A1432432A6B084F001DB0D7;
			remoteInfo = Safari;
		};
/* End PBXContainerItemProxy section */

/* Begin PBXCopyFilesBuildPhase section */
		1AD341982A6AF3CA00C198B8 /* Embed Foundation Extensions */ = {
			isa = PBXCopyFilesBuildPhase;
			buildActionMask = 2147483647;
			dstPath = "";
			dstSubfolderSpec = 13;
			files = (
				1A14325C2A6B084F001DB0D7 /* Safari.appex in Embed Foundation Extensions */,
			);
			name = "Embed Foundation Extensions";
			runOnlyForDeploymentPostprocessing = 0;
		};
/* End PBXCopyFilesBuildPhase section */

/* Begin PBXFileReference section */
		1A1432442A6B084F001DB0D7 /* Safari.appex */ = {isa = PBXFileReference; explicitFileType = "wrapper.app-extension"; includeInIndex = 0; path = Safari.appex; sourceTree = BUILT_PRODUCTS_DIR; };
		1A1432462A6B084F001DB0D7 /* SafariWebExtensionHandler.swift */ = {isa = PBXFileReference; lastKnownFileType = sourcecode.swift; path = SafariWebExtensionHandler.swift; sourceTree = "<group>"; };
		1A1432492A6B084F001DB0D7 /* _locales */ = {isa = PBXFileReference; lastKnownFileType = folder; path = _locales; sourceTree = "<group>"; };
		1A14324B2A6B084F001DB0D7 /* images */ = {isa = PBXFileReference; lastKnownFileType = folder; path = images; sourceTree = "<group>"; };
		1A14324D2A6B084F001DB0D7 /* manifest.json */ = {isa = PBXFileReference; lastKnownFileType = text.json; path = manifest.json; sourceTree = "<group>"; };
		1A1432512A6B084F001DB0D7 /* content.js */ = {isa = PBXFileReference; lastKnownFileType = sourcecode.javascript; path = content.js; sourceTree = "<group>"; };
		1A1432592A6B084F001DB0D7 /* Info.plist */ = {isa = PBXFileReference; lastKnownFileType = text.plist.xml; path = Info.plist; sourceTree = "<group>"; };
		1A2985352A71A89D00153BF4 /* MessageComposer.swift */ = {isa = PBXFileReference; lastKnownFileType = sourcecode.swift; path = MessageComposer.swift; sourceTree = "<group>"; };
		1A4E98622A6DF62900196C36 /* .gitignore */ = {isa = PBXFileReference; lastKnownFileType = text; path = .gitignore; sourceTree = "<group>"; };
		1A4E98632A6DF62A00196C36 /* README.md */ = {isa = PBXFileReference; lastKnownFileType = net.daringfireball.markdown; path = README.md; sourceTree = "<group>"; };
		1A4E98642A6DF63D00196C36 /* LICENSE.txt */ = {isa = PBXFileReference; lastKnownFileType = text; path = LICENSE.txt; sourceTree = "<group>"; };
		1A695FD52A6C8791000B3F86 /* ParrotflowAPI.swift */ = {isa = PBXFileReference; lastKnownFileType = sourcecode.swift; path = ParrotflowAPI.swift; sourceTree = "<group>"; };
		1A695FD72A6C87C9000B3F86 /* MessageManager.swift */ = {isa = PBXFileReference; lastKnownFileType = sourcecode.swift; path = MessageManager.swift; sourceTree = "<group>"; };
		1A695FD92A6C8952000B3F86 /* OnShake.swift */ = {isa = PBXFileReference; lastKnownFileType = sourcecode.swift; path = OnShake.swift; sourceTree = "<group>"; };
		1A695FDB2A6C9147000B3F86 /* Info.plist */ = {isa = PBXFileReference; lastKnownFileType = text.plist; path = Info.plist; sourceTree = "<group>"; };
		1A695FDC2A6D931D000B3F86 /* Config.xcconfig */ = {isa = PBXFileReference; lastKnownFileType = text.xcconfig; path = Config.xcconfig; sourceTree = "<group>"; };
		1A695FDD2A6D9328000B3F86 /* Config.xcconfig */ = {isa = PBXFileReference; lastKnownFileType = text.xcconfig; name = Config.xcconfig; path = Safari/Config.xcconfig; sourceTree = SOURCE_ROOT; };
		1A695FE02A6D95EC000B3F86 /* OnboardView.swift */ = {isa = PBXFileReference; lastKnownFileType = sourcecode.swift; path = OnboardView.swift; sourceTree = "<group>"; };
		1AA196982A71BFEE003D5C54 /* StoreKit.framework */ = {isa = PBXFileReference; lastKnownFileType = wrapper.framework; name = StoreKit.framework; path = System/Library/Frameworks/StoreKit.framework; sourceTree = SDKROOT; };
		1AD341662A6AF23900C198B8 /* Parrotflow.app */ = {isa = PBXFileReference; explicitFileType = wrapper.application; includeInIndex = 0; path = Parrotflow.app; sourceTree = BUILT_PRODUCTS_DIR; };
		1AD341692A6AF23900C198B8 /* Parrotflow.swift */ = {isa = PBXFileReference; lastKnownFileType = sourcecode.swift; path = Parrotflow.swift; sourceTree = "<group>"; };
		1AD3416B2A6AF23900C198B8 /* ContentView.swift */ = {isa = PBXFileReference; lastKnownFileType = sourcecode.swift; path = ContentView.swift; sourceTree = "<group>"; };
		1AD3416D2A6AF23A00C198B8 /* Assets.xcassets */ = {isa = PBXFileReference; lastKnownFileType = folder.assetcatalog; path = Assets.xcassets; sourceTree = "<group>"; };
/* End PBXFileReference section */

/* Begin PBXFrameworksBuildPhase section */
		1A1432412A6B084F001DB0D7 /* Frameworks */ = {
			isa = PBXFrameworksBuildPhase;
			buildActionMask = 2147483647;
			files = (
			);
			runOnlyForDeploymentPostprocessing = 0;
		};
		1AD341632A6AF23900C198B8 /* Frameworks */ = {
			isa = PBXFrameworksBuildPhase;
			buildActionMask = 2147483647;
			files = (
				1AA196992A71BFEE003D5C54 /* StoreKit.framework in Frameworks */,
			);
			runOnlyForDeploymentPostprocessing = 0;
		};
/* End PBXFrameworksBuildPhase section */

/* Begin PBXGroup section */
		1A1432452A6B084F001DB0D7 /* Safari */ = {
			isa = PBXGroup;
			children = (
				1A1432462A6B084F001DB0D7 /* SafariWebExtensionHandler.swift */,
				1A1432482A6B084F001DB0D7 /* Resources */,
				1A695FDF2A6D9332000B3F86 /* Supporting Files */,
			);
			path = Safari;
			sourceTree = "<group>";
		};
		1A1432482A6B084F001DB0D7 /* Resources */ = {
			isa = PBXGroup;
			children = (
				1A1432492A6B084F001DB0D7 /* _locales */,
				1A14324B2A6B084F001DB0D7 /* images */,
				1A14324D2A6B084F001DB0D7 /* manifest.json */,
				1A1432512A6B084F001DB0D7 /* content.js */,
			);
			path = Resources;
			sourceTree = "<group>";
		};
		1A4E985D2A6DF5FF00196C36 /* Frameworks */ = {
			isa = PBXGroup;
			children = (
				1AA196982A71BFEE003D5C54 /* StoreKit.framework */,
			);
			name = Frameworks;
			sourceTree = "<group>";
		};
		1A695FDF2A6D9332000B3F86 /* Supporting Files */ = {
			isa = PBXGroup;
			children = (
				1A1432592A6B084F001DB0D7 /* Info.plist */,
				1A695FDD2A6D9328000B3F86 /* Config.xcconfig */,
			);
			name = "Supporting Files";
			sourceTree = "<group>";
		};
		1AD3415D2A6AF23900C198B8 = {
			isa = PBXGroup;
			children = (
				1A4E98622A6DF62900196C36 /* .gitignore */,
				1A4E98642A6DF63D00196C36 /* LICENSE.txt */,
				1A4E98632A6DF62A00196C36 /* README.md */,
				1AD341682A6AF23900C198B8 /* Parrotflow */,
				1A1432452A6B084F001DB0D7 /* Safari */,
				1AD341672A6AF23900C198B8 /* Products */,
				1A4E985D2A6DF5FF00196C36 /* Frameworks */,
			);
			sourceTree = "<group>";
		};
		1AD341672A6AF23900C198B8 /* Products */ = {
			isa = PBXGroup;
			children = (
				1AD341662A6AF23900C198B8 /* Parrotflow.app */,
				1A1432442A6B084F001DB0D7 /* Safari.appex */,
			);
			name = Products;
			sourceTree = "<group>";
		};
		1AD341682A6AF23900C198B8 /* Parrotflow */ = {
			isa = PBXGroup;
			children = (
				1AD341692A6AF23900C198B8 /* Parrotflow.swift */,
				1AD3416B2A6AF23900C198B8 /* ContentView.swift */,
				1A695FE02A6D95EC000B3F86 /* OnboardView.swift */,
				1A695FD72A6C87C9000B3F86 /* MessageManager.swift */,
				1A695FD52A6C8791000B3F86 /* ParrotflowAPI.swift */,
				1A695FD92A6C8952000B3F86 /* OnShake.swift */,
				1A2985352A71A89D00153BF4 /* MessageComposer.swift */,
				1AD341772A6AF39400C198B8 /* Supporting Files */,
			);
			path = Parrotflow;
			sourceTree = "<group>";
		};
		1AD341772A6AF39400C198B8 /* Supporting Files */ = {
			isa = PBXGroup;
			children = (
				1A695FDC2A6D931D000B3F86 /* Config.xcconfig */,
				1A695FDB2A6C9147000B3F86 /* Info.plist */,
				1AD3416D2A6AF23A00C198B8 /* Assets.xcassets */,
			);
			name = "Supporting Files";
			sourceTree = "<group>";
		};
/* End PBXGroup section */

/* Begin PBXNativeTarget section */
		1A1432432A6B084F001DB0D7 /* Safari */ = {
			isa = PBXNativeTarget;
			buildConfigurationList = 1A14325D2A6B084F001DB0D7 /* Build configuration list for PBXNativeTarget "Safari" */;
			buildPhases = (
				1A1432402A6B084F001DB0D7 /* Sources */,
				1A1432412A6B084F001DB0D7 /* Frameworks */,
				1A1432422A6B084F001DB0D7 /* Resources */,
			);
			buildRules = (
			);
			dependencies = (
			);
			name = Safari;
			productName = Safari;
			productReference = 1A1432442A6B084F001DB0D7 /* Safari.appex */;
			productType = "com.apple.product-type.app-extension";
		};
		1AD341652A6AF23900C198B8 /* Parrotflow */ = {
			isa = PBXNativeTarget;
			buildConfigurationList = 1AD341742A6AF23A00C198B8 /* Build configuration list for PBXNativeTarget "Parrotflow" */;
			buildPhases = (
				1AD341622A6AF23900C198B8 /* Sources */,
				1AD341632A6AF23900C198B8 /* Frameworks */,
				1AD341642A6AF23900C198B8 /* Resources */,
				1AD341982A6AF3CA00C198B8 /* Embed Foundation Extensions */,
			);
			buildRules = (
			);
			dependencies = (
				1A14325B2A6B084F001DB0D7 /* PBXTargetDependency */,
			);
			name = Parrotflow;
			productName = Parrotflow;
			productReference = 1AD341662A6AF23900C198B8 /* Parrotflow.app */;
			productType = "com.apple.product-type.application";
		};
/* End PBXNativeTarget section */

/* Begin PBXProject section */
		1AD3415E2A6AF23900C198B8 /* Project object */ = {
			isa = PBXProject;
			attributes = {
				BuildIndependentTargetsInParallel = 1;
				LastSwiftUpdateCheck = 1500;
				LastUpgradeCheck = 1500;
				TargetAttributes = {
					1A1432432A6B084F001DB0D7 = {
						CreatedOnToolsVersion = 15.0;
					};
					1AD341652A6AF23900C198B8 = {
						CreatedOnToolsVersion = 15.0;
					};
				};
			};
			buildConfigurationList = 1AD341612A6AF23900C198B8 /* Build configuration list for PBXProject "Parrotflow" */;
			compatibilityVersion = "Xcode 14.0";
			developmentRegion = en;
			hasScannedForEncodings = 0;
			knownRegions = (
				en,
				Base,
			);
			mainGroup = 1AD3415D2A6AF23900C198B8;
			productRefGroup = 1AD341672A6AF23900C198B8 /* Products */;
			projectDirPath = "";
			projectRoot = "";
			targets = (
				1AD341652A6AF23900C198B8 /* Parrotflow */,
				1A1432432A6B084F001DB0D7 /* Safari */,
			);
		};
/* End PBXProject section */

/* Begin PBXResourcesBuildPhase section */
		1A1432422A6B084F001DB0D7 /* Resources */ = {
			isa = PBXResourcesBuildPhase;
			buildActionMask = 2147483647;
			files = (
				1A14324C2A6B084F001DB0D7 /* images in Resources */,
				1A14324E2A6B084F001DB0D7 /* manifest.json in Resources */,
				1A14324A2A6B084F001DB0D7 /* _locales in Resources */,
				1A1432522A6B084F001DB0D7 /* content.js in Resources */,
			);
			runOnlyForDeploymentPostprocessing = 0;
		};
		1AD341642A6AF23900C198B8 /* Resources */ = {
			isa = PBXResourcesBuildPhase;
			buildActionMask = 2147483647;
			files = (
				1AD3416E2A6AF23A00C198B8 /* Assets.xcassets in Resources */,
			);
			runOnlyForDeploymentPostprocessing = 0;
		};
/* End PBXResourcesBuildPhase section */

/* Begin PBXSourcesBuildPhase section */
		1A1432402A6B084F001DB0D7 /* Sources */ = {
			isa = PBXSourcesBuildPhase;
			buildActionMask = 2147483647;
			files = (
				1A1432472A6B084F001DB0D7 /* SafariWebExtensionHandler.swift in Sources */,
			);
			runOnlyForDeploymentPostprocessing = 0;
		};
		1AD341622A6AF23900C198B8 /* Sources */ = {
			isa = PBXSourcesBuildPhase;
			buildActionMask = 2147483647;
			files = (
				1AD3416C2A6AF23900C198B8 /* ContentView.swift in Sources */,
				1A695FD82A6C87C9000B3F86 /* MessageManager.swift in Sources */,
				1A2985362A71A89D00153BF4 /* MessageComposer.swift in Sources */,
				1A695FDA2A6C8952000B3F86 /* OnShake.swift in Sources */,
				1AD3416A2A6AF23900C198B8 /* Parrotflow.swift in Sources */,
				1A695FE12A6D95EC000B3F86 /* OnboardView.swift in Sources */,
				1A695FD62A6C8791000B3F86 /* ParrotflowAPI.swift in Sources */,
			);
			runOnlyForDeploymentPostprocessing = 0;
		};
/* End PBXSourcesBuildPhase section */

/* Begin PBXTargetDependency section */
		1A14325B2A6B084F001DB0D7 /* PBXTargetDependency */ = {
			isa = PBXTargetDependency;
			target = 1A1432432A6B084F001DB0D7 /* Safari */;
			targetProxy = 1A14325A2A6B084F001DB0D7 /* PBXContainerItemProxy */;
		};
/* End PBXTargetDependency section */

/* Begin XCBuildConfiguration section */
		1A14325E2A6B084F001DB0D7 /* Debug */ = {
			isa = XCBuildConfiguration;
			baseConfigurationReference = 1A695FDD2A6D9328000B3F86 /* Config.xcconfig */;
			buildSettings = {
				DEVELOPMENT_TEAM = 6QX9D8LZWS;
				INFOPLIST_KEY_CFBundleDisplayName = Safari;
				INFOPLIST_KEY_NSHumanReadableCopyright = "";
				IPHONEOS_DEPLOYMENT_TARGET = 16.1;
				LD_RUNPATH_SEARCH_PATHS = (
					"$(inherited)",
					"@executable_path/Frameworks",
					"@executable_path/../../Frameworks",
				);
				OTHER_LDFLAGS = (
					"-framework",
					SafariServices,
				);
				PRODUCT_NAME = "$(TARGET_NAME)";
				SKIP_INSTALL = YES;
				SUPPORTED_PLATFORMS = "iphoneos iphonesimulator";
				SUPPORTS_MACCATALYST = NO;
				SUPPORTS_MAC_DESIGNED_FOR_IPHONE_IPAD = NO;
				SUPPORTS_XR_DESIGNED_FOR_IPHONE_IPAD = NO;
				SWIFT_EMIT_LOC_STRINGS = YES;
				SWIFT_VERSION = 5.0;
				TARGETED_DEVICE_FAMILY = "1,2";
			};
			name = Debug;
		};
		1A14325F2A6B084F001DB0D7 /* Release */ = {
			isa = XCBuildConfiguration;
			baseConfigurationReference = 1A695FDD2A6D9328000B3F86 /* Config.xcconfig */;
			buildSettings = {
				DEVELOPMENT_TEAM = 6QX9D8LZWS;
				INFOPLIST_KEY_CFBundleDisplayName = Safari;
				INFOPLIST_KEY_NSHumanReadableCopyright = "";
				IPHONEOS_DEPLOYMENT_TARGET = 16.1;
				LD_RUNPATH_SEARCH_PATHS = (
					"$(inherited)",
					"@executable_path/Frameworks",
					"@executable_path/../../Frameworks",
				);
				OTHER_LDFLAGS = (
					"-framework",
					SafariServices,
				);
				PRODUCT_NAME = "$(TARGET_NAME)";
				SKIP_INSTALL = YES;
				SUPPORTED_PLATFORMS = "iphoneos iphonesimulator";
				SUPPORTS_MACCATALYST = NO;
				SUPPORTS_MAC_DESIGNED_FOR_IPHONE_IPAD = NO;
				SUPPORTS_XR_DESIGNED_FOR_IPHONE_IPAD = NO;
				SWIFT_EMIT_LOC_STRINGS = YES;
				SWIFT_VERSION = 5.0;
				TARGETED_DEVICE_FAMILY = "1,2";
			};
			name = Release;
		};
		1AD341722A6AF23A00C198B8 /* Debug */ = {
			isa = XCBuildConfiguration;
			buildSettings = {
				ALWAYS_SEARCH_USER_PATHS = NO;
				ASSETCATALOG_COMPILER_GENERATE_SWIFT_ASSET_SYMBOL_EXTENSIONS = YES;
				CLANG_ANALYZER_NONNULL = YES;
				CLANG_ANALYZER_NUMBER_OBJECT_CONVERSION = YES_AGGRESSIVE;
				CLANG_CXX_LANGUAGE_STANDARD = "gnu++20";
				CLANG_ENABLE_MODULES = YES;
				CLANG_ENABLE_OBJC_ARC = YES;
				CLANG_ENABLE_OBJC_WEAK = YES;
				CLANG_WARN_BLOCK_CAPTURE_AUTORELEASING = YES;
				CLANG_WARN_BOOL_CONVERSION = YES;
				CLANG_WARN_COMMA = YES;
				CLANG_WARN_CONSTANT_CONVERSION = YES;
				CLANG_WARN_DEPRECATED_OBJC_IMPLEMENTATIONS = YES;
				CLANG_WARN_DIRECT_OBJC_ISA_USAGE = YES_ERROR;
				CLANG_WARN_DOCUMENTATION_COMMENTS = YES;
				CLANG_WARN_EMPTY_BODY = YES;
				CLANG_WARN_ENUM_CONVERSION = YES;
				CLANG_WARN_INFINITE_RECURSION = YES;
				CLANG_WARN_INT_CONVERSION = YES;
				CLANG_WARN_NON_LITERAL_NULL_CONVERSION = YES;
				CLANG_WARN_OBJC_IMPLICIT_RETAIN_SELF = YES;
				CLANG_WARN_OBJC_LITERAL_CONVERSION = YES;
				CLANG_WARN_OBJC_ROOT_CLASS = YES_ERROR;
				CLANG_WARN_QUOTED_INCLUDE_IN_FRAMEWORK_HEADER = YES;
				CLANG_WARN_RANGE_LOOP_ANALYSIS = YES;
				CLANG_WARN_STRICT_PROTOTYPES = YES;
				CLANG_WARN_SUSPICIOUS_MOVE = YES;
				CLANG_WARN_UNGUARDED_AVAILABILITY = YES_AGGRESSIVE;
				CLANG_WARN_UNREACHABLE_CODE = YES;
				CLANG_WARN__DUPLICATE_METHOD_MATCH = YES;
				COPY_PHASE_STRIP = NO;
				DEBUG_INFORMATION_FORMAT = dwarf;
				ENABLE_STRICT_OBJC_MSGSEND = YES;
				ENABLE_TESTABILITY = YES;
				ENABLE_USER_SCRIPT_SANDBOXING = YES;
				GCC_C_LANGUAGE_STANDARD = gnu17;
				GCC_DYNAMIC_NO_PIC = NO;
				GCC_NO_COMMON_BLOCKS = YES;
				GCC_OPTIMIZATION_LEVEL = 0;
				GCC_PREPROCESSOR_DEFINITIONS = (
					"DEBUG=1",
					"$(inherited)",
				);
				GCC_WARN_64_TO_32_BIT_CONVERSION = YES;
				GCC_WARN_ABOUT_RETURN_TYPE = YES_ERROR;
				GCC_WARN_UNDECLARED_SELECTOR = YES;
				GCC_WARN_UNINITIALIZED_AUTOS = YES_AGGRESSIVE;
				GCC_WARN_UNUSED_FUNCTION = YES;
				GCC_WARN_UNUSED_VARIABLE = YES;
				IPHONEOS_DEPLOYMENT_TARGET = 17.0;
				LOCALIZATION_PREFERS_STRING_CATALOGS = YES;
				MTL_ENABLE_DEBUG_INFO = INCLUDE_SOURCE;
				MTL_FAST_MATH = YES;
				ONLY_ACTIVE_ARCH = YES;
				SDKROOT = iphoneos;
				SWIFT_ACTIVE_COMPILATION_CONDITIONS = "DEBUG $(inherited)";
				SWIFT_OPTIMIZATION_LEVEL = "-Onone";
			};
			name = Debug;
		};
		1AD341732A6AF23A00C198B8 /* Release */ = {
			isa = XCBuildConfiguration;
			buildSettings = {
				ALWAYS_SEARCH_USER_PATHS = NO;
				ASSETCATALOG_COMPILER_GENERATE_SWIFT_ASSET_SYMBOL_EXTENSIONS = YES;
				CLANG_ANALYZER_NONNULL = YES;
				CLANG_ANALYZER_NUMBER_OBJECT_CONVERSION = YES_AGGRESSIVE;
				CLANG_CXX_LANGUAGE_STANDARD = "gnu++20";
				CLANG_ENABLE_MODULES = YES;
				CLANG_ENABLE_OBJC_ARC = YES;
				CLANG_ENABLE_OBJC_WEAK = YES;
				CLANG_WARN_BLOCK_CAPTURE_AUTORELEASING = YES;
				CLANG_WARN_BOOL_CONVERSION = YES;
				CLANG_WARN_COMMA = YES;
				CLANG_WARN_CONSTANT_CONVERSION = YES;
				CLANG_WARN_DEPRECATED_OBJC_IMPLEMENTATIONS = YES;
				CLANG_WARN_DIRECT_OBJC_ISA_USAGE = YES_ERROR;
				CLANG_WARN_DOCUMENTATION_COMMENTS = YES;
				CLANG_WARN_EMPTY_BODY = YES;
				CLANG_WARN_ENUM_CONVERSION = YES;
				CLANG_WARN_INFINITE_RECURSION = YES;
				CLANG_WARN_INT_CONVERSION = YES;
				CLANG_WARN_NON_LITERAL_NULL_CONVERSION = YES;
				CLANG_WARN_OBJC_IMPLICIT_RETAIN_SELF = YES;
				CLANG_WARN_OBJC_LITERAL_CONVERSION = YES;
				CLANG_WARN_OBJC_ROOT_CLASS = YES_ERROR;
				CLANG_WARN_QUOTED_INCLUDE_IN_FRAMEWORK_HEADER = YES;
				CLANG_WARN_RANGE_LOOP_ANALYSIS = YES;
				CLANG_WARN_STRICT_PROTOTYPES = YES;
				CLANG_WARN_SUSPICIOUS_MOVE = YES;
				CLANG_WARN_UNGUARDED_AVAILABILITY = YES_AGGRESSIVE;
				CLANG_WARN_UNREACHABLE_CODE = YES;
				CLANG_WARN__DUPLICATE_METHOD_MATCH = YES;
				COPY_PHASE_STRIP = NO;
				DEBUG_INFORMATION_FORMAT = "dwarf-with-dsym";
				ENABLE_NS_ASSERTIONS = NO;
				ENABLE_STRICT_OBJC_MSGSEND = YES;
				ENABLE_USER_SCRIPT_SANDBOXING = YES;
				GCC_C_LANGUAGE_STANDARD = gnu17;
				GCC_NO_COMMON_BLOCKS = YES;
				GCC_WARN_64_TO_32_BIT_CONVERSION = YES;
				GCC_WARN_ABOUT_RETURN_TYPE = YES_ERROR;
				GCC_WARN_UNDECLARED_SELECTOR = YES;
				GCC_WARN_UNINITIALIZED_AUTOS = YES_AGGRESSIVE;
				GCC_WARN_UNUSED_FUNCTION = YES;
				GCC_WARN_UNUSED_VARIABLE = YES;
				IPHONEOS_DEPLOYMENT_TARGET = 17.0;
				LOCALIZATION_PREFERS_STRING_CATALOGS = YES;
				MTL_ENABLE_DEBUG_INFO = NO;
				MTL_FAST_MATH = YES;
				SDKROOT = iphoneos;
				SWIFT_COMPILATION_MODE = wholemodule;
				VALIDATE_PRODUCT = YES;
			};
			name = Release;
		};
		1AD341752A6AF23A00C198B8 /* Debug */ = {
			isa = XCBuildConfiguration;
			baseConfigurationReference = 1A695FDC2A6D931D000B3F86 /* Config.xcconfig */;
			buildSettings = {
				ALWAYS_EMBED_SWIFT_STANDARD_LIBRARIES = YES;
				ASSETCATALOG_COMPILER_APPICON_NAME = AppIcon;
				ASSETCATALOG_COMPILER_GLOBAL_ACCENT_COLOR_NAME = AccentColor;
				DEVELOPMENT_TEAM = 6QX9D8LZWS;
				INFOPLIST_KEY_LSApplicationCategoryType = "public.app-category.reference";
				INFOPLIST_KEY_UIApplicationSceneManifest_Generation = YES;
				INFOPLIST_KEY_UIApplicationSupportsIndirectInputEvents = YES;
				INFOPLIST_KEY_UILaunchScreen_Generation = YES;
				INFOPLIST_KEY_UISupportedInterfaceOrientations = UIInterfaceOrientationPortrait;
				INFOPLIST_KEY_UISupportedInterfaceOrientations_iPad = "UIInterfaceOrientationLandscapeLeft UIInterfaceOrientationLandscapeRight UIInterfaceOrientationPortrait UIInterfaceOrientationPortraitUpsideDown";
				IPHONEOS_DEPLOYMENT_TARGET = 16.1;
				LD_RUNPATH_SEARCH_PATHS = (
					"$(inherited)",
					"@executable_path/Frameworks",
				);
				PRODUCT_NAME = "$(TARGET_NAME)";
				SUPPORTED_PLATFORMS = "iphoneos iphonesimulator";
				SUPPORTS_MACCATALYST = NO;
				SUPPORTS_MAC_DESIGNED_FOR_IPHONE_IPAD = NO;
				SUPPORTS_XR_DESIGNED_FOR_IPHONE_IPAD = NO;
				SWIFT_EMIT_LOC_STRINGS = YES;
				SWIFT_VERSION = 5.0;
				TARGETED_DEVICE_FAMILY = "1,2";
			};
			name = Debug;
		};
		1AD341762A6AF23A00C198B8 /* Release */ = {
			isa = XCBuildConfiguration;
			baseConfigurationReference = 1A695FDC2A6D931D000B3F86 /* Config.xcconfig */;
			buildSettings = {
				ALWAYS_EMBED_SWIFT_STANDARD_LIBRARIES = YES;
				ASSETCATALOG_COMPILER_APPICON_NAME = AppIcon;
				ASSETCATALOG_COMPILER_GLOBAL_ACCENT_COLOR_NAME = AccentColor;
				DEVELOPMENT_TEAM = 6QX9D8LZWS;
				INFOPLIST_KEY_LSApplicationCategoryType = "public.app-category.reference";
				INFOPLIST_KEY_UIApplicationSceneManifest_Generation = YES;
				INFOPLIST_KEY_UIApplicationSupportsIndirectInputEvents = YES;
				INFOPLIST_KEY_UILaunchScreen_Generation = YES;
				INFOPLIST_KEY_UISupportedInterfaceOrientations = UIInterfaceOrientationPortrait;
				INFOPLIST_KEY_UISupportedInterfaceOrientations_iPad = "UIInterfaceOrientationLandscapeLeft UIInterfaceOrientationLandscapeRight UIInterfaceOrientationPortrait UIInterfaceOrientationPortraitUpsideDown";
				IPHONEOS_DEPLOYMENT_TARGET = 16.1;
				LD_RUNPATH_SEARCH_PATHS = (
					"$(inherited)",
					"@executable_path/Frameworks",
				);
				PRODUCT_NAME = "$(TARGET_NAME)";
				SUPPORTED_PLATFORMS = "iphoneos iphonesimulator";
				SUPPORTS_MACCATALYST = NO;
				SUPPORTS_MAC_DESIGNED_FOR_IPHONE_IPAD = NO;
				SUPPORTS_XR_DESIGNED_FOR_IPHONE_IPAD = NO;
				SWIFT_EMIT_LOC_STRINGS = YES;
				SWIFT_VERSION = 5.0;
				TARGETED_DEVICE_FAMILY = "1,2";
			};
			name = Release;
		};
/* End XCBuildConfiguration section */

/* Begin XCConfigurationList section */
		1A14325D2A6B084F001DB0D7 /* Build configuration list for PBXNativeTarget "Safari" */ = {
			isa = XCConfigurationList;
			buildConfigurations = (
				1A14325E2A6B084F001DB0D7 /* Debug */,
				1A14325F2A6B084F001DB0D7 /* Release */,
			);
			defaultConfigurationIsVisible = 0;
			defaultConfigurationName = Release;
		};
		1AD341612A6AF23900C198B8 /* Build configuration list for PBXProject "Parrotflow" */ = {
			isa = XCConfigurationList;
			buildConfigurations = (
				1AD341722A6AF23A00C198B8 /* Debug */,
				1AD341732A6AF23A00C198B8 /* Release */,
			);
			defaultConfigurationIsVisible = 0;
			defaultConfigurationName = Release;
		};
		1AD341742A6AF23A00C198B8 /* Build configuration list for PBXNativeTarget "Parrotflow" */ = {
			isa = XCConfigurationList;
			buildConfigurations = (
				1AD341752A6AF23A00C198B8 /* Debug */,
				1AD341762A6AF23A00C198B8 /* Release */,
			);
			defaultConfigurationIsVisible = 0;
			defaultConfigurationName = Release;
		};
/* End XCConfigurationList section */
	};
	rootObject = 1AD3415E2A6AF23900C198B8 /* Project object */;
}
