// !$*UTF8*$!
{
	archiveVersion = 1;
	classes = {
	};
	objectVersion = 56;
	objects = {

/* Begin PBXBuildFile section */
		1A84DEC92A50AF35005FC7D1 /* Parrotflow.swift in Sources */ = {isa = PBXBuildFile; fileRef = 1A84DEC82A50AF35005FC7D1 /* Parrotflow.swift */; };
		1A84DECD2A50AF36005FC7D1 /* Assets.xcassets in Resources */ = {isa = PBXBuildFile; fileRef = 1A84DECC2A50AF36005FC7D1 /* Assets.xcassets */; };
		1AD56CB52A5A2CEE00E94A33 /* Finder.swift in Sources */ = {isa = PBXBuildFile; fileRef = 1AD56CB42A5A2CEE00E94A33 /* Finder.swift */; };
		1AF510882A631F7600CEA0ED /* ContentView.swift in Sources */ = {isa = PBXBuildFile; fileRef = 1AF510872A631F7600CEA0ED /* ContentView.swift */; };
		1AF510902A6320E100CEA0ED /* SafariExtensionHandler.swift in Sources */ = {isa = PBXBuildFile; fileRef = 1AF5108F2A6320E100CEA0ED /* SafariExtensionHandler.swift */; };
		1AF5109F2A6320E100CEA0ED /* Safari Extension.appex in Embed Foundation Extensions */ = {isa = PBXBuildFile; fileRef = 1AF5108D2A6320E100CEA0ED /* Safari Extension.appex */; settings = {ATTRIBUTES = (RemoveHeadersOnCopy, ); }; };
		1AF510E02A63252600CEA0ED /* ToolbarItemIcon.png in Resources */ = {isa = PBXBuildFile; fileRef = 1AF510DF2A63252600CEA0ED /* ToolbarItemIcon.png */; };
/* End PBXBuildFile section */

/* Begin PBXContainerItemProxy section */
		1AF5109D2A6320E100CEA0ED /* PBXContainerItemProxy */ = {
			isa = PBXContainerItemProxy;
			containerPortal = 1A84DEBD2A50AF35005FC7D1 /* Project object */;
			proxyType = 1;
			remoteGlobalIDString = 1AF5108C2A6320E100CEA0ED;
			remoteInfo = "Safari Extension";
		};
/* End PBXContainerItemProxy section */

/* Begin PBXCopyFilesBuildPhase section */
		1AF510A32A6320E100CEA0ED /* Embed Foundation Extensions */ = {
			isa = PBXCopyFilesBuildPhase;
			buildActionMask = 2147483647;
			dstPath = "";
			dstSubfolderSpec = 13;
			files = (
				1AF5109F2A6320E100CEA0ED /* Safari Extension.appex in Embed Foundation Extensions */,
			);
			name = "Embed Foundation Extensions";
			runOnlyForDeploymentPostprocessing = 0;
		};
/* End PBXCopyFilesBuildPhase section */

/* Begin PBXFileReference section */
		1A84DEC52A50AF35005FC7D1 /* Parrotflow.app */ = {isa = PBXFileReference; explicitFileType = wrapper.application; includeInIndex = 0; path = Parrotflow.app; sourceTree = BUILT_PRODUCTS_DIR; };
		1A84DEC82A50AF35005FC7D1 /* Parrotflow.swift */ = {isa = PBXFileReference; lastKnownFileType = sourcecode.swift; path = Parrotflow.swift; sourceTree = "<group>"; };
		1A84DECC2A50AF36005FC7D1 /* Assets.xcassets */ = {isa = PBXFileReference; lastKnownFileType = folder.assetcatalog; path = Assets.xcassets; sourceTree = "<group>"; };
		1A84DED12A50AF36005FC7D1 /* Parrotflow.entitlements */ = {isa = PBXFileReference; lastKnownFileType = text.plist.entitlements; path = Parrotflow.entitlements; sourceTree = "<group>"; };
		1A84DEF32A50AFBD005FC7D1 /* .gitignore */ = {isa = PBXFileReference; lastKnownFileType = text; path = .gitignore; sourceTree = "<group>"; };
		1A84DEF62A50B28C005FC7D1 /* Info.plist */ = {isa = PBXFileReference; lastKnownFileType = text.plist.xml; path = Info.plist; sourceTree = "<group>"; };
		1A84DEF82A50B2A4005FC7D1 /* Config.xcconfig */ = {isa = PBXFileReference; lastKnownFileType = text.xcconfig; path = Config.xcconfig; sourceTree = "<group>"; };
		1AD56CB42A5A2CEE00E94A33 /* Finder.swift */ = {isa = PBXFileReference; lastKnownFileType = sourcecode.swift; path = Finder.swift; sourceTree = "<group>"; };
		1AF510872A631F7600CEA0ED /* ContentView.swift */ = {isa = PBXFileReference; lastKnownFileType = sourcecode.swift; path = ContentView.swift; sourceTree = "<group>"; };
		1AF5108D2A6320E100CEA0ED /* Safari Extension.appex */ = {isa = PBXFileReference; explicitFileType = "wrapper.app-extension"; includeInIndex = 0; path = "Safari Extension.appex"; sourceTree = BUILT_PRODUCTS_DIR; };
		1AF5108F2A6320E100CEA0ED /* SafariExtensionHandler.swift */ = {isa = PBXFileReference; lastKnownFileType = sourcecode.swift; path = SafariExtensionHandler.swift; sourceTree = "<group>"; };
		1AF5109B2A6320E100CEA0ED /* Info.plist */ = {isa = PBXFileReference; lastKnownFileType = text.plist.xml; path = Info.plist; sourceTree = "<group>"; };
		1AF5109C2A6320E100CEA0ED /* Safari.entitlements */ = {isa = PBXFileReference; lastKnownFileType = text.plist.entitlements; path = Safari.entitlements; sourceTree = "<group>"; };
		1AF510DF2A63252600CEA0ED /* ToolbarItemIcon.png */ = {isa = PBXFileReference; lastKnownFileType = image.png; path = ToolbarItemIcon.png; sourceTree = "<group>"; };
		1AF510E32A63333900CEA0ED /* Config.xcconfig */ = {isa = PBXFileReference; lastKnownFileType = text.xcconfig; path = Config.xcconfig; sourceTree = "<group>"; };
		1AF511262A6351D500CEA0ED /* README.md */ = {isa = PBXFileReference; lastKnownFileType = net.daringfireball.markdown; path = README.md; sourceTree = "<group>"; };
		1AF511272A635C2B00CEA0ED /* LICENSE.txt */ = {isa = PBXFileReference; lastKnownFileType = text; path = LICENSE.txt; sourceTree = "<group>"; };
/* End PBXFileReference section */

/* Begin PBXFrameworksBuildPhase section */
		1A84DEC22A50AF35005FC7D1 /* Frameworks */ = {
			isa = PBXFrameworksBuildPhase;
			buildActionMask = 2147483647;
			files = (
			);
			runOnlyForDeploymentPostprocessing = 0;
		};
		1AF5108A2A6320E100CEA0ED /* Frameworks */ = {
			isa = PBXFrameworksBuildPhase;
			buildActionMask = 2147483647;
			files = (
			);
			runOnlyForDeploymentPostprocessing = 0;
		};
/* End PBXFrameworksBuildPhase section */

/* Begin PBXGroup section */
		1A7C732E2A51E796008147A8 /* Frameworks */ = {
			isa = PBXGroup;
			children = (
			);
			name = Frameworks;
			sourceTree = "<group>";
		};
		1A84DEBC2A50AF35005FC7D1 = {
			isa = PBXGroup;
			children = (
				1A84DEF32A50AFBD005FC7D1 /* .gitignore */,
				1AF511262A6351D500CEA0ED /* README.md */,
				1AF511272A635C2B00CEA0ED /* LICENSE.txt */,
				1A84DEC72A50AF35005FC7D1 /* Parrotflow */,
				1AF5108E2A6320E100CEA0ED /* Safari */,
				1A84DEC62A50AF35005FC7D1 /* Products */,
				1A7C732E2A51E796008147A8 /* Frameworks */,
			);
			sourceTree = "<group>";
		};
		1A84DEC62A50AF35005FC7D1 /* Products */ = {
			isa = PBXGroup;
			children = (
				1A84DEC52A50AF35005FC7D1 /* Parrotflow.app */,
				1AF5108D2A6320E100CEA0ED /* Safari Extension.appex */,
			);
			name = Products;
			sourceTree = "<group>";
		};
		1A84DEC72A50AF35005FC7D1 /* Parrotflow */ = {
			isa = PBXGroup;
			children = (
				1A84DEC82A50AF35005FC7D1 /* Parrotflow.swift */,
				1AF510872A631F7600CEA0ED /* ContentView.swift */,
				1AD56CB42A5A2CEE00E94A33 /* Finder.swift */,
				1A84DEF52A50B023005FC7D1 /* Supporting Files */,
			);
			path = Parrotflow;
			sourceTree = "<group>";
		};
		1A84DEF52A50B023005FC7D1 /* Supporting Files */ = {
			isa = PBXGroup;
			children = (
				1A84DECC2A50AF36005FC7D1 /* Assets.xcassets */,
				1A84DEF62A50B28C005FC7D1 /* Info.plist */,
				1A84DEF82A50B2A4005FC7D1 /* Config.xcconfig */,
				1A84DED12A50AF36005FC7D1 /* Parrotflow.entitlements */,
			);
			name = "Supporting Files";
			sourceTree = "<group>";
		};
		1AF5108E2A6320E100CEA0ED /* Safari */ = {
			isa = PBXGroup;
			children = (
				1AF5108F2A6320E100CEA0ED /* SafariExtensionHandler.swift */,
				1AF510E22A63331B00CEA0ED /* Supporting Files */,
				1AF510932A6320E100CEA0ED /* Resources */,
			);
			path = Safari;
			sourceTree = "<group>";
		};
		1AF510932A6320E100CEA0ED /* Resources */ = {
			isa = PBXGroup;
			children = (
				1AF510DF2A63252600CEA0ED /* ToolbarItemIcon.png */,
			);
			path = Resources;
			sourceTree = "<group>";
		};
		1AF510E22A63331B00CEA0ED /* Supporting Files */ = {
			isa = PBXGroup;
			children = (
				1AF510E32A63333900CEA0ED /* Config.xcconfig */,
				1AF5109B2A6320E100CEA0ED /* Info.plist */,
				1AF5109C2A6320E100CEA0ED /* Safari.entitlements */,
			);
			name = "Supporting Files";
			sourceTree = "<group>";
		};
/* End PBXGroup section */

/* Begin PBXNativeTarget section */
		1A84DEC42A50AF35005FC7D1 /* Parrotflow */ = {
			isa = PBXNativeTarget;
			buildConfigurationList = 1A84DEEA2A50AF36005FC7D1 /* Build configuration list for PBXNativeTarget "Parrotflow" */;
			buildPhases = (
				1A84DEC12A50AF35005FC7D1 /* Sources */,
				1A84DEC22A50AF35005FC7D1 /* Frameworks */,
				1A84DEC32A50AF35005FC7D1 /* Resources */,
				1AF510A32A6320E100CEA0ED /* Embed Foundation Extensions */,
			);
			buildRules = (
			);
			dependencies = (
				1AF5109E2A6320E100CEA0ED /* PBXTargetDependency */,
			);
			name = Parrotflow;
			productName = Parrotflow;
			productReference = 1A84DEC52A50AF35005FC7D1 /* Parrotflow.app */;
			productType = "com.apple.product-type.application";
		};
		1AF5108C2A6320E100CEA0ED /* Safari Extension */ = {
			isa = PBXNativeTarget;
			buildConfigurationList = 1AF510A02A6320E100CEA0ED /* Build configuration list for PBXNativeTarget "Safari Extension" */;
			buildPhases = (
				1AF510892A6320E100CEA0ED /* Sources */,
				1AF5108A2A6320E100CEA0ED /* Frameworks */,
				1AF5108B2A6320E100CEA0ED /* Resources */,
			);
			buildRules = (
			);
			dependencies = (
			);
			name = "Safari Extension";
			productName = "Safari Extension";
			productReference = 1AF5108D2A6320E100CEA0ED /* Safari Extension.appex */;
			productType = "com.apple.product-type.app-extension";
		};
/* End PBXNativeTarget section */

/* Begin PBXProject section */
		1A84DEBD2A50AF35005FC7D1 /* Project object */ = {
			isa = PBXProject;
			attributes = {
				BuildIndependentTargetsInParallel = 1;
				LastSwiftUpdateCheck = 1500;
				LastUpgradeCheck = 1500;
				TargetAttributes = {
					1A84DEC42A50AF35005FC7D1 = {
						CreatedOnToolsVersion = 15.0;
					};
					1AF5108C2A6320E100CEA0ED = {
						CreatedOnToolsVersion = 15.0;
					};
				};
			};
			buildConfigurationList = 1A84DEC02A50AF35005FC7D1 /* Build configuration list for PBXProject "Parrotflow" */;
			compatibilityVersion = "Xcode 14.0";
			developmentRegion = en;
			hasScannedForEncodings = 0;
			knownRegions = (
				en,
				Base,
			);
			mainGroup = 1A84DEBC2A50AF35005FC7D1;
			productRefGroup = 1A84DEC62A50AF35005FC7D1 /* Products */;
			projectDirPath = "";
			projectRoot = "";
			targets = (
				1A84DEC42A50AF35005FC7D1 /* Parrotflow */,
				1AF5108C2A6320E100CEA0ED /* Safari Extension */,
			);
		};
/* End PBXProject section */

/* Begin PBXResourcesBuildPhase section */
		1A84DEC32A50AF35005FC7D1 /* Resources */ = {
			isa = PBXResourcesBuildPhase;
			buildActionMask = 2147483647;
			files = (
				1A84DECD2A50AF36005FC7D1 /* Assets.xcassets in Resources */,
			);
			runOnlyForDeploymentPostprocessing = 0;
		};
		1AF5108B2A6320E100CEA0ED /* Resources */ = {
			isa = PBXResourcesBuildPhase;
			buildActionMask = 2147483647;
			files = (
				1AF510E02A63252600CEA0ED /* ToolbarItemIcon.png in Resources */,
			);
			runOnlyForDeploymentPostprocessing = 0;
		};
/* End PBXResourcesBuildPhase section */

/* Begin PBXSourcesBuildPhase section */
		1A84DEC12A50AF35005FC7D1 /* Sources */ = {
			isa = PBXSourcesBuildPhase;
			buildActionMask = 2147483647;
			files = (
				1AD56CB52A5A2CEE00E94A33 /* Finder.swift in Sources */,
				1A84DEC92A50AF35005FC7D1 /* Parrotflow.swift in Sources */,
				1AF510882A631F7600CEA0ED /* ContentView.swift in Sources */,
			);
			runOnlyForDeploymentPostprocessing = 0;
		};
		1AF510892A6320E100CEA0ED /* Sources */ = {
			isa = PBXSourcesBuildPhase;
			buildActionMask = 2147483647;
			files = (
				1AF510902A6320E100CEA0ED /* SafariExtensionHandler.swift in Sources */,
			);
			runOnlyForDeploymentPostprocessing = 0;
		};
/* End PBXSourcesBuildPhase section */

/* Begin PBXTargetDependency section */
		1AF5109E2A6320E100CEA0ED /* PBXTargetDependency */ = {
			isa = PBXTargetDependency;
			target = 1AF5108C2A6320E100CEA0ED /* Safari Extension */;
			targetProxy = 1AF5109D2A6320E100CEA0ED /* PBXContainerItemProxy */;
		};
/* End PBXTargetDependency section */

/* Begin XCBuildConfiguration section */
		1A84DEE82A50AF36005FC7D1 /* Debug */ = {
			isa = XCBuildConfiguration;
			buildSettings = {
				ALWAYS_SEARCH_USER_PATHS = NO;
				ASSETCATALOG_COMPILER_GENERATE_SWIFT_ASSET_SYMBOL_EXTENSIONS = YES;
				CLANG_ENABLE_MODULES = YES;
				CLANG_ENABLE_OBJC_ARC = YES;
				CLANG_ENABLE_OBJC_WEAK = YES;
				CLANG_WARN_BLOCK_CAPTURE_AUTORELEASING = YES;
				CLANG_WARN_BOOL_CONVERSION = YES;
				CLANG_WARN_COMMA = YES;
				CLANG_WARN_CONSTANT_CONVERSION = YES;
				CLANG_WARN_DEPRECATED_OBJC_IMPLEMENTATIONS = YES;
				CLANG_WARN_DIRECT_OBJC_ISA_USAGE = YES_ERROR;
				CLANG_WARN_DOCUMENTATION_COMMENTS = YES;
				CLANG_WARN_EMPTY_BODY = YES;
				CLANG_WARN_ENUM_CONVERSION = YES;
				CLANG_WARN_INFINITE_RECURSION = YES;
				CLANG_WARN_INT_CONVERSION = YES;
				CLANG_WARN_NON_LITERAL_NULL_CONVERSION = YES;
				CLANG_WARN_OBJC_IMPLICIT_RETAIN_SELF = YES;
				CLANG_WARN_OBJC_LITERAL_CONVERSION = YES;
				CLANG_WARN_OBJC_ROOT_CLASS = YES_ERROR;
				CLANG_WARN_QUOTED_INCLUDE_IN_FRAMEWORK_HEADER = YES;
				CLANG_WARN_RANGE_LOOP_ANALYSIS = YES;
				CLANG_WARN_STRICT_PROTOTYPES = YES;
				CLANG_WARN_SUSPICIOUS_MOVE = YES;
				CLANG_WARN_UNGUARDED_AVAILABILITY = YES_AGGRESSIVE;
				CLANG_WARN_UNREACHABLE_CODE = YES;
				CLANG_WARN__DUPLICATE_METHOD_MATCH = YES;
				COPY_PHASE_STRIP = NO;
				DEBUG_INFORMATION_FORMAT = dwarf;
				ENABLE_STRICT_OBJC_MSGSEND = YES;
				ENABLE_TESTABILITY = YES;
				ENABLE_USER_SCRIPT_SANDBOXING = YES;
				GCC_NO_COMMON_BLOCKS = YES;
				GCC_OPTIMIZATION_LEVEL = 0;
				GCC_PREPROCESSOR_DEFINITIONS = (
					"DEBUG=1",
					"$(inherited)",
				);
				GCC_WARN_64_TO_32_BIT_CONVERSION = YES;
				GCC_WARN_ABOUT_RETURN_TYPE = YES_ERROR;
				GCC_WARN_UNDECLARED_SELECTOR = YES;
				GCC_WARN_UNINITIALIZED_AUTOS = YES_AGGRESSIVE;
				GCC_WARN_UNUSED_FUNCTION = YES;
				GCC_WARN_UNUSED_VARIABLE = YES;
				LOCALIZATION_PREFERS_STRING_CATALOGS = YES;
				MTL_ENABLE_DEBUG_INFO = INCLUDE_SOURCE;
				MTL_FAST_MATH = YES;
				ONLY_ACTIVE_ARCH = YES;
				SWIFT_ACTIVE_COMPILATION_CONDITIONS = "DEBUG $(inherited)";
				SWIFT_OPTIMIZATION_LEVEL = "-Onone";
			};
			name = Debug;
		};
		1A84DEE92A50AF36005FC7D1 /* Release */ = {
			isa = XCBuildConfiguration;
			buildSettings = {
				ALWAYS_SEARCH_USER_PATHS = NO;
				ASSETCATALOG_COMPILER_GENERATE_SWIFT_ASSET_SYMBOL_EXTENSIONS = YES;
				CLANG_ENABLE_MODULES = YES;
				CLANG_ENABLE_OBJC_ARC = YES;
				CLANG_ENABLE_OBJC_WEAK = YES;
				CLANG_WARN_BLOCK_CAPTURE_AUTORELEASING = YES;
				CLANG_WARN_BOOL_CONVERSION = YES;
				CLANG_WARN_COMMA = YES;
				CLANG_WARN_CONSTANT_CONVERSION = YES;
				CLANG_WARN_DEPRECATED_OBJC_IMPLEMENTATIONS = YES;
				CLANG_WARN_DIRECT_OBJC_ISA_USAGE = YES_ERROR;
				CLANG_WARN_DOCUMENTATION_COMMENTS = YES;
				CLANG_WARN_EMPTY_BODY = YES;
				CLANG_WARN_ENUM_CONVERSION = YES;
				CLANG_WARN_INFINITE_RECURSION = YES;
				CLANG_WARN_INT_CONVERSION = YES;
				CLANG_WARN_NON_LITERAL_NULL_CONVERSION = YES;
				CLANG_WARN_OBJC_IMPLICIT_RETAIN_SELF = YES;
				CLANG_WARN_OBJC_LITERAL_CONVERSION = YES;
				CLANG_WARN_OBJC_ROOT_CLASS = YES_ERROR;
				CLANG_WARN_QUOTED_INCLUDE_IN_FRAMEWORK_HEADER = YES;
				CLANG_WARN_RANGE_LOOP_ANALYSIS = YES;
				CLANG_WARN_STRICT_PROTOTYPES = YES;
				CLANG_WARN_SUSPICIOUS_MOVE = YES;
				CLANG_WARN_UNGUARDED_AVAILABILITY = YES_AGGRESSIVE;
				CLANG_WARN_UNREACHABLE_CODE = YES;
				CLANG_WARN__DUPLICATE_METHOD_MATCH = YES;
				COPY_PHASE_STRIP = NO;
				DEBUG_INFORMATION_FORMAT = "dwarf-with-dsym";
				ENABLE_NS_ASSERTIONS = NO;
				ENABLE_STRICT_OBJC_MSGSEND = YES;
				ENABLE_USER_SCRIPT_SANDBOXING = YES;
				GCC_NO_COMMON_BLOCKS = YES;
				GCC_WARN_64_TO_32_BIT_CONVERSION = YES;
				GCC_WARN_ABOUT_RETURN_TYPE = YES_ERROR;
				GCC_WARN_UNDECLARED_SELECTOR = YES;
				GCC_WARN_UNINITIALIZED_AUTOS = YES_AGGRESSIVE;
				GCC_WARN_UNUSED_FUNCTION = YES;
				GCC_WARN_UNUSED_VARIABLE = YES;
				LOCALIZATION_PREFERS_STRING_CATALOGS = YES;
				MTL_ENABLE_DEBUG_INFO = NO;
				MTL_FAST_MATH = YES;
				SWIFT_COMPILATION_MODE = wholemodule;
			};
			name = Release;
		};
		1A84DEEB2A50AF36005FC7D1 /* Debug */ = {
			isa = XCBuildConfiguration;
			baseConfigurationReference = 1A84DEF82A50B2A4005FC7D1 /* Config.xcconfig */;
			buildSettings = {
				ALWAYS_EMBED_SWIFT_STANDARD_LIBRARIES = YES;
				ASSETCATALOG_COMPILER_APPICON_NAME = AppIcon;
				ASSETCATALOG_COMPILER_GLOBAL_ACCENT_COLOR_NAME = AccentColor;
				CODE_SIGN_IDENTITY = "Apple Development";
				"CODE_SIGN_IDENTITY[sdk=macosx*]" = "Apple Development";
				CODE_SIGN_STYLE = Automatic;
				COMBINE_HIDPI_IMAGES = YES;
				CURRENT_PROJECT_VERSION = 9;
				DEVELOPMENT_ASSET_PATHS = "";
				DEVELOPMENT_TEAM = 6QX9D8LZWS;
				ENABLE_HARDENED_RUNTIME = YES;
				LD_RUNPATH_SEARCH_PATHS = (
					"$(inherited)",
					"@executable_path/../Frameworks",
				);
				MACOSX_DEPLOYMENT_TARGET = 13.3;
				MARKETING_VERSION = 1.0.3;
				PROVISIONING_PROFILE_SPECIFIER = "";
				SWIFT_EMIT_LOC_STRINGS = YES;
				SWIFT_VERSION = 5.0;
			};
			name = Debug;
		};
		1A84DEEC2A50AF36005FC7D1 /* Release */ = {
			isa = XCBuildConfiguration;
			baseConfigurationReference = 1A84DEF82A50B2A4005FC7D1 /* Config.xcconfig */;
			buildSettings = {
				ALWAYS_EMBED_SWIFT_STANDARD_LIBRARIES = YES;
				ASSETCATALOG_COMPILER_APPICON_NAME = AppIcon;
				ASSETCATALOG_COMPILER_GLOBAL_ACCENT_COLOR_NAME = AccentColor;
				CODE_SIGN_STYLE = Automatic;
				COMBINE_HIDPI_IMAGES = YES;
				CURRENT_PROJECT_VERSION = 9;
				DEVELOPMENT_ASSET_PATHS = "";
				DEVELOPMENT_TEAM = 6QX9D8LZWS;
				ENABLE_HARDENED_RUNTIME = YES;
				LD_RUNPATH_SEARCH_PATHS = (
					"$(inherited)",
					"@executable_path/../Frameworks",
				);
				MACOSX_DEPLOYMENT_TARGET = 13.3;
				MARKETING_VERSION = 1.0.3;
				SWIFT_EMIT_LOC_STRINGS = YES;
				SWIFT_VERSION = 5.0;
			};
			name = Release;
		};
		1AF510A12A6320E100CEA0ED /* Debug */ = {
			isa = XCBuildConfiguration;
			baseConfigurationReference = 1AF510E32A63333900CEA0ED /* Config.xcconfig */;
			buildSettings = {
				CLANG_ANALYZER_NONNULL = YES;
				CLANG_ANALYZER_NUMBER_OBJECT_CONVERSION = YES_AGGRESSIVE;
				CLANG_CXX_LANGUAGE_STANDARD = "gnu++20";
				"CODE_SIGN_IDENTITY[sdk=macosx*]" = "Apple Development";
				CODE_SIGN_STYLE = Automatic;
				CURRENT_PROJECT_VERSION = 8;
				DEVELOPMENT_TEAM = 6QX9D8LZWS;
				ENABLE_HARDENED_RUNTIME = YES;
				GCC_C_LANGUAGE_STANDARD = gnu17;
				GCC_DYNAMIC_NO_PIC = NO;
				GENERATE_INFOPLIST_FILE = YES;
				INFOPLIST_KEY_CFBundleDisplayName = Parrotflow;
				INFOPLIST_KEY_NSHumanReadableCopyright = "";
				LD_RUNPATH_SEARCH_PATHS = (
					"$(inherited)",
					"@executable_path/../Frameworks",
					"@executable_path/../../../../Frameworks",
				);
				MACOSX_DEPLOYMENT_TARGET = 13.3;
				MARKETING_VERSION = 1.0.3;
				OTHER_LDFLAGS = (
					"-framework",
					SafariServices,
				);
				PRODUCT_NAME = "$(TARGET_NAME)";
				SDKROOT = macosx;
				SKIP_INSTALL = YES;
				SWIFT_EMIT_LOC_STRINGS = YES;
				SWIFT_VERSION = 5.0;
			};
			name = Debug;
		};
		1AF510A22A6320E100CEA0ED /* Release */ = {
			isa = XCBuildConfiguration;
			baseConfigurationReference = 1AF510E32A63333900CEA0ED /* Config.xcconfig */;
			buildSettings = {
				CLANG_ANALYZER_NONNULL = YES;
				CLANG_ANALYZER_NUMBER_OBJECT_CONVERSION = YES_AGGRESSIVE;
				CLANG_CXX_LANGUAGE_STANDARD = "gnu++20";
				"CODE_SIGN_IDENTITY[sdk=macosx*]" = "Apple Development";
				CODE_SIGN_STYLE = Automatic;
				CURRENT_PROJECT_VERSION = 8;
				DEVELOPMENT_TEAM = 6QX9D8LZWS;
				ENABLE_HARDENED_RUNTIME = YES;
				GCC_C_LANGUAGE_STANDARD = gnu17;
				GENERATE_INFOPLIST_FILE = YES;
				INFOPLIST_KEY_CFBundleDisplayName = Parrotflow;
				INFOPLIST_KEY_NSHumanReadableCopyright = "";
				LD_RUNPATH_SEARCH_PATHS = (
					"$(inherited)",
					"@executable_path/../Frameworks",
					"@executable_path/../../../../Frameworks",
				);
				MACOSX_DEPLOYMENT_TARGET = 13.3;
				MARKETING_VERSION = 1.0.3;
				OTHER_LDFLAGS = (
					"-framework",
					SafariServices,
				);
				PRODUCT_NAME = "$(TARGET_NAME)";
				SDKROOT = macosx;
				SKIP_INSTALL = YES;
				SWIFT_EMIT_LOC_STRINGS = YES;
				SWIFT_VERSION = 5.0;
			};
			name = Release;
		};
/* End XCBuildConfiguration section */

/* Begin XCConfigurationList section */
		1A84DEC02A50AF35005FC7D1 /* Build configuration list for PBXProject "Parrotflow" */ = {
			isa = XCConfigurationList;
			buildConfigurations = (
				1A84DEE82A50AF36005FC7D1 /* Debug */,
				1A84DEE92A50AF36005FC7D1 /* Release */,
			);
			defaultConfigurationIsVisible = 0;
			defaultConfigurationName = Release;
		};
		1A84DEEA2A50AF36005FC7D1 /* Build configuration list for PBXNativeTarget "Parrotflow" */ = {
			isa = XCConfigurationList;
			buildConfigurations = (
				1A84DEEB2A50AF36005FC7D1 /* Debug */,
				1A84DEEC2A50AF36005FC7D1 /* Release */,
			);
			defaultConfigurationIsVisible = 0;
			defaultConfigurationName = Release;
		};
		1AF510A02A6320E100CEA0ED /* Build configuration list for PBXNativeTarget "Safari Extension" */ = {
			isa = XCConfigurationList;
			buildConfigurations = (
				1AF510A12A6320E100CEA0ED /* Debug */,
				1AF510A22A6320E100CEA0ED /* Release */,
			);
			defaultConfigurationIsVisible = 0;
			defaultConfigurationName = Release;
		};
/* End XCConfigurationList section */
	};
	rootObject = 1A84DEBD2A50AF35005FC7D1 /* Project object */;
}
